
Microsoft Visual Studio Solution File, Format Version 12.00
# Visual Studio Version 16
VisualStudioVersion = 16.0.28917.181
MinimumVisualStudioVersion = 10.0.40219.1
Project("{FAE04EC0-301F-11D3-BF4B-00C04F79EFBC}") = "Diablo", "Diablo\Diablo.csproj", "{EFA4AEE2-E908-44F6-9DA1-18F76B0B618A}"
EndProject
Global
	GlobalSection(SolutionConfigurationPlatforms) = preSolution
		Debug|Any CPU = Debug|Any CPU
		Release|Any CPU = Release|Any CPU
	EndGlobalSection
	GlobalSection(ProjectConfigurationPlatforms) = postSolution
		{EFA4AEE2-E908-44F6-9DA1-18F76B0B618A}.Debug|Any CPU.ActiveCfg = Debug|Any CPU
		{EFA4AEE2-E908-44F6-9DA1-18F76B0B618A}.Debug|Any CPU.Build.0 = Debug|Any CPU
		{EFA4AEE2-E908-44F6-9DA1-18F76B0B618A}.Release|Any CPU.ActiveCfg = Release|Any CPU
		{EFA4AEE2-E908-44F6-9DA1-18F76B0B618A}.Release|Any CPU.Build.0 = Release|Any CPU
	EndGlobalSection
	GlobalSection(SolutionProperties) = preSolution
		HideSolutionNode = FALSE
	EndGlobalSection
	GlobalSection(ExtensibilityGlobals) = postSolution
		SolutionGuid = {547D7726-B0FE-4A1F-A817-FC8BF79E149E}
	EndGlobalSection
EndGlobal
